// !$*UTF8*$!
{
	archiveVersion = 1;
	classes = {
	};
	objectVersion = 46;
	objects = {

/* Begin PBXBuildFile section */
		4B022B9B1A56F2770073DE33 /* AppDelegate.swift in Sources */ = {isa = PBXBuildFile; fileRef = 4B022B9A1A56F2770073DE33 /* AppDelegate.swift */; };
		4B022B9D1A56F2770073DE33 /* ViewController.swift in Sources */ = {isa = PBXBuildFile; fileRef = 4B022B9C1A56F2770073DE33 /* ViewController.swift */; };
		4B022BA01A56F2770073DE33 /* Main.storyboard in Resources */ = {isa = PBXBuildFile; fileRef = 4B022B9E1A56F2770073DE33 /* Main.storyboard */; };
		4B022BA21A56F2780073DE33 /* Images.xcassets in Resources */ = {isa = PBXBuildFile; fileRef = 4B022BA11A56F2780073DE33 /* Images.xcassets */; };
		4B022BA51A56F2780073DE33 /* LaunchScreen.xib in Resources */ = {isa = PBXBuildFile; fileRef = 4B022BA31A56F2780073DE33 /* LaunchScreen.xib */; };
		4B022BB11A56F2780073DE33 /* UnitTestViewControllerWithSwiftMiniTutorialTests.swift in Sources */ = {isa = PBXBuildFile; fileRef = 4B022BB01A56F2780073DE33 /* UnitTestViewControllerWithSwiftMiniTutorialTests.swift */; };
		4B022BBA1A56F5740073DE33 /* ViewController.swift in Sources */ = {isa = PBXBuildFile; fileRef = 4B022B9C1A56F2770073DE33 /* ViewController.swift */; };
		4B022BBB1A56F5790073DE33 /* Main.storyboard in Resources */ = {isa = PBXBuildFile; fileRef = 4B022B9E1A56F2770073DE33 /* Main.storyboard */; };
/* End PBXBuildFile section */

/* Begin PBXContainerItemProxy section */
		4B022BAB1A56F2780073DE33 /* PBXContainerItemProxy */ = {
			isa = PBXContainerItemProxy;
			containerPortal = 4B022B8D1A56F2770073DE33 /* Project object */;
			proxyType = 1;
			remoteGlobalIDString = 4B022B941A56F2770073DE33;
			remoteInfo = UnitTestViewControllerWithSwiftMiniTutorial;
		};
/* End PBXContainerItemProxy section */

/* Begin PBXFileReference section */
		4B022B951A56F2770073DE33 /* UnitTestViewControllerWithSwiftMiniTutorial.app */ = {isa = PBXFileReference; explicitFileType = wrapper.application; includeInIndex = 0; path = UnitTestViewControllerWithSwiftMiniTutorial.app; sourceTree = BUILT_PRODUCTS_DIR; };
		4B022B991A56F2770073DE33 /* Info.plist */ = {isa = PBXFileReference; lastKnownFileType = text.plist.xml; path = Info.plist; sourceTree = "<group>"; };
		4B022B9A1A56F2770073DE33 /* AppDelegate.swift */ = {isa = PBXFileReference; lastKnownFileType = sourcecode.swift; path = AppDelegate.swift; sourceTree = "<group>"; };
		4B022B9C1A56F2770073DE33 /* ViewController.swift */ = {isa = PBXFileReference; lastKnownFileType = sourcecode.swift; path = ViewController.swift; sourceTree = "<group>"; };
		4B022B9F1A56F2770073DE33 /* Base */ = {isa = PBXFileReference; lastKnownFileType = file.storyboard; name = Base; path = Base.lproj/Main.storyboard; sourceTree = "<group>"; };
		4B022BA11A56F2780073DE33 /* Images.xcassets */ = {isa = PBXFileReference; lastKnownFileType = folder.assetcatalog; path = Images.xcassets; sourceTree = "<group>"; };
		4B022BA41A56F2780073DE33 /* Base */ = {isa = PBXFileReference; lastKnownFileType = file.xib; name = Base; path = Base.lproj/LaunchScreen.xib; sourceTree = "<group>"; };
		4B022BAA1A56F2780073DE33 /* UnitTestViewControllerWithSwiftMiniTutorialTests.xctest */ = {isa = PBXFileReference; explicitFileType = wrapper.cfbundle; includeInIndex = 0; path = UnitTestViewControllerWithSwiftMiniTutorialTests.xctest; sourceTree = BUILT_PRODUCTS_DIR; };
		4B022BAF1A56F2780073DE33 /* Info.plist */ = {isa = PBXFileReference; lastKnownFileType = text.plist.xml; path = Info.plist; sourceTree = "<group>"; };
		4B022BB01A56F2780073DE33 /* UnitTestViewControllerWithSwiftMiniTutorialTests.swift */ = {isa = PBXFileReference; lastKnownFileType = sourcecode.swift; path = UnitTestViewControllerWithSwiftMiniTutorialTests.swift; sourceTree = "<group>"; };
/* End PBXFileReference section */

/* Begin PBXFrameworksBuildPhase section */
		4B022B921A56F2770073DE33 /* Frameworks */ = {
			isa = PBXFrameworksBuildPhase;
			buildActionMask = 2147483647;
			files = (
			);
			runOnlyForDeploymentPostprocessing = 0;
		};
		4B022BA71A56F2780073DE33 /* Frameworks */ = {
			isa = PBXFrameworksBuildPhase;
			buildActionMask = 2147483647;
			files = (
			);
			runOnlyForDeploymentPostprocessing = 0;
		};
/* End PBXFrameworksBuildPhase section */

/* Begin PBXGroup section */
		4B022B8C1A56F2770073DE33 = {
			isa = PBXGroup;
			children = (
				4B022B971A56F2770073DE33 /* UnitTestViewControllerWithSwiftMiniTutorial */,
				4B022BAD1A56F2780073DE33 /* UnitTestViewControllerWithSwiftMiniTutorialTests */,
				4B022B961A56F2770073DE33 /* Products */,
			);
			sourceTree = "<group>";
		};
		4B022B961A56F2770073DE33 /* Products */ = {
			isa = PBXGroup;
			children = (
				4B022B951A56F2770073DE33 /* UnitTestViewControllerWithSwiftMiniTutorial.app */,
				4B022BAA1A56F2780073DE33 /* UnitTestViewControllerWithSwiftMiniTutorialTests.xctest */,
			);
			name = Products;
			sourceTree = "<group>";
		};
		4B022B971A56F2770073DE33 /* UnitTestViewControllerWithSwiftMiniTutorial */ = {
			isa = PBXGroup;
			children = (
				4B022B9A1A56F2770073DE33 /* AppDelegate.swift */,
				4B022B9C1A56F2770073DE33 /* ViewController.swift */,
				4B022B9E1A56F2770073DE33 /* Main.storyboard */,
				4B022BA11A56F2780073DE33 /* Images.xcassets */,
				4B022BA31A56F2780073DE33 /* LaunchScreen.xib */,
				4B022B981A56F2770073DE33 /* Supporting Files */,
			);
			path = UnitTestViewControllerWithSwiftMiniTutorial;
			sourceTree = "<group>";
		};
		4B022B981A56F2770073DE33 /* Supporting Files */ = {
			isa = PBXGroup;
			children = (
				4B022B991A56F2770073DE33 /* Info.plist */,
			);
			name = "Supporting Files";
			sourceTree = "<group>";
		};
		4B022BAD1A56F2780073DE33 /* UnitTestViewControllerWithSwiftMiniTutorialTests */ = {
			isa = PBXGroup;
			children = (
				4B022BB01A56F2780073DE33 /* UnitTestViewControllerWithSwiftMiniTutorialTests.swift */,
				4B022BAE1A56F2780073DE33 /* Supporting Files */,
			);
			path = UnitTestViewControllerWithSwiftMiniTutorialTests;
			sourceTree = "<group>";
		};
		4B022BAE1A56F2780073DE33 /* Supporting Files */ = {
			isa = PBXGroup;
			children = (
				4B022BAF1A56F2780073DE33 /* Info.plist */,
			);
			name = "Supporting Files";
			sourceTree = "<group>";
		};
/* End PBXGroup section */

/* Begin PBXNativeTarget section */
		4B022B941A56F2770073DE33 /* UnitTestViewControllerWithSwiftMiniTutorial */ = {
			isa = PBXNativeTarget;
			buildConfigurationList = 4B022BB41A56F2780073DE33 /* Build configuration list for PBXNativeTarget "UnitTestViewControllerWithSwiftMiniTutorial" */;
			buildPhases = (
				4B022B911A56F2770073DE33 /* Sources */,
				4B022B921A56F2770073DE33 /* Frameworks */,
				4B022B931A56F2770073DE33 /* Resources */,
			);
			buildRules = (
			);
			dependencies = (
			);
			name = UnitTestViewControllerWithSwiftMiniTutorial;
			productName = UnitTestViewControllerWithSwiftMiniTutorial;
			productReference = 4B022B951A56F2770073DE33 /* UnitTestViewControllerWithSwiftMiniTutorial.app */;
			productType = "com.apple.product-type.application";
		};
		4B022BA91A56F2780073DE33 /* UnitTestViewControllerWithSwiftMiniTutorialTests */ = {
			isa = PBXNativeTarget;
			buildConfigurationList = 4B022BB71A56F2780073DE33 /* Build configuration list for PBXNativeTarget "UnitTestViewControllerWithSwiftMiniTutorialTests" */;
			buildPhases = (
				4B022BA61A56F2780073DE33 /* Sources */,
				4B022BA71A56F2780073DE33 /* Frameworks */,
				4B022BA81A56F2780073DE33 /* Resources */,
			);
			buildRules = (
			);
			dependencies = (
				4B022BAC1A56F2780073DE33 /* PBXTargetDependency */,
			);
			name = UnitTestViewControllerWithSwiftMiniTutorialTests;
			productName = UnitTestViewControllerWithSwiftMiniTutorialTests;
			productReference = 4B022BAA1A56F2780073DE33 /* UnitTestViewControllerWithSwiftMiniTutorialTests.xctest */;
			productType = "com.apple.product-type.bundle.unit-test";
		};
/* End PBXNativeTarget section */

/* Begin PBXProject section */
		4B022B8D1A56F2770073DE33 /* Project object */ = {
			isa = PBXProject;
			attributes = {
				LastUpgradeCheck = 0610;
				ORGANIZATIONNAME = SnappedCoffee;
				TargetAttributes = {
					4B022B941A56F2770073DE33 = {
						CreatedOnToolsVersion = 6.1.1;
					};
					4B022BA91A56F2780073DE33 = {
						CreatedOnToolsVersion = 6.1.1;
						TestTargetID = 4B022B941A56F2770073DE33;
					};
				};
			};
			buildConfigurationList = 4B022B901A56F2770073DE33 /* Build configuration list for PBXProject "UnitTestViewControllerWithSwiftMiniTutorial" */;
			compatibilityVersion = "Xcode 3.2";
			developmentRegion = English;
			hasScannedForEncodings = 0;
			knownRegions = (
				en,
				Base,
			);
			mainGroup = 4B022B8C1A56F2770073DE33;
			productRefGroup = 4B022B961A56F2770073DE33 /* Products */;
			projectDirPath = "";
			projectRoot = "";
			targets = (
				4B022B941A56F2770073DE33 /* UnitTestViewControllerWithSwiftMiniTutorial */,
				4B022BA91A56F2780073DE33 /* UnitTestViewControllerWithSwiftMiniTutorialTests */,
			);
		};
/* End PBXProject section */

/* Begin PBXResourcesBuildPhase section */
		4B022B931A56F2770073DE33 /* Resources */ = {
			isa = PBXResourcesBuildPhase;
			buildActionMask = 2147483647;
			files = (
				4B022BA01A56F2770073DE33 /* Main.storyboard in Resources */,
				4B022BA51A56F2780073DE33 /* LaunchScreen.xib in Resources */,
				4B022BA21A56F2780073DE33 /* Images.xcassets in Resources */,
			);
			runOnlyForDeploymentPostprocessing = 0;
		};
		4B022BA81A56F2780073DE33 /* Resources */ = {
			isa = PBXResourcesBuildPhase;
			buildActionMask = 2147483647;
			files = (
				4B022BBB1A56F5790073DE33 /* Main.storyboard in Resources */,
			);
			runOnlyForDeploymentPostprocessing = 0;
		};
/* End PBXResourcesBuildPhase section */

/* Begin PBXSourcesBuildPhase section */
		4B022B911A56F2770073DE33 /* Sources */ = {
			isa = PBXSourcesBuildPhase;
			buildActionMask = 2147483647;
			files = (
				4B022B9D1A56F2770073DE33 /* ViewController.swift in Sources */,
				4B022B9B1A56F2770073DE33 /* AppDelegate.swift in Sources */,
			);
			runOnlyForDeploymentPostprocessing = 0;
		};
		4B022BA61A56F2780073DE33 /* Sources */ = {
			isa = PBXSourcesBuildPhase;
			buildActionMask = 2147483647;
			files = (
				4B022BBA1A56F5740073DE33 /* ViewController.swift in Sources */,
				4B022BB11A56F2780073DE33 /* UnitTestViewControllerWithSwiftMiniTutorialTests.swift in Sources */,
			);
			runOnlyForDeploymentPostprocessing = 0;
		};
/* End PBXSourcesBuildPhase section */

/* Begin PBXTargetDependency section */
		4B022BAC1A56F2780073DE33 /* PBXTargetDependency */ = {
			isa = PBXTargetDependency;
			target = 4B022B941A56F2770073DE33 /* UnitTestViewControllerWithSwiftMiniTutorial */;
			targetProxy = 4B022BAB1A56F2780073DE33 /* PBXContainerItemProxy */;
		};
/* End PBXTargetDependency section */

/* Begin PBXVariantGroup section */
		4B022B9E1A56F2770073DE33 /* Main.storyboard */ = {
			isa = PBXVariantGroup;
			children = (
				4B022B9F1A56F2770073DE33 /* Base */,
			);
			name = Main.storyboard;
			sourceTree = "<group>";
		};
		4B022BA31A56F2780073DE33 /* LaunchScreen.xib */ = {
			isa = PBXVariantGroup;
			children = (
				4B022BA41A56F2780073DE33 /* Base */,
			);
			name = LaunchScreen.xib;
			sourceTree = "<group>";
		};
/* End PBXVariantGroup section */

/* Begin XCBuildConfiguration section */
		4B022BB21A56F2780073DE33 /* Debug */ = {
			isa = XCBuildConfiguration;
			buildSettings = {
				ALWAYS_SEARCH_USER_PATHS = NO;
				CLANG_CXX_LANGUAGE_STANDARD = "gnu++0x";
				CLANG_CXX_LIBRARY = "libc++";
				CLANG_ENABLE_MODULES = YES;
				CLANG_ENABLE_OBJC_ARC = YES;
				CLANG_WARN_BOOL_CONVERSION = YES;
				CLANG_WARN_CONSTANT_CONVERSION = YES;
				CLANG_WARN_DIRECT_OBJC_ISA_USAGE = YES_ERROR;
				CLANG_WARN_EMPTY_BODY = YES;
				CLANG_WARN_ENUM_CONVERSION = YES;
				CLANG_WARN_INT_CONVERSION = YES;
				CLANG_WARN_OBJC_ROOT_CLASS = YES_ERROR;
				CLANG_WARN_UNREACHABLE_CODE = YES;
				CLANG_WARN__DUPLICATE_METHOD_MATCH = YES;
				"CODE_SIGN_IDENTITY[sdk=iphoneos*]" = "iPhone Developer";
				COPY_PHASE_STRIP = NO;
				ENABLE_STRICT_OBJC_MSGSEND = YES;
				GCC_C_LANGUAGE_STANDARD = gnu99;
				GCC_DYNAMIC_NO_PIC = NO;
				GCC_OPTIMIZATION_LEVEL = 0;
				GCC_PREPROCESSOR_DEFINITIONS = (
					"DEBUG=1",
					"$(inherited)",
				);
				GCC_SYMBOLS_PRIVATE_EXTERN = NO;
				GCC_WARN_64_TO_32_BIT_CONVERSION = YES;
				GCC_WARN_ABOUT_RETURN_TYPE = YES_ERROR;
				GCC_WARN_UNDECLARED_SELECTOR = YES;
				GCC_WARN_UNINITIALIZED_AUTOS = YES_AGGRESSIVE;
				GCC_WARN_UNUSED_FUNCTION = YES;
				GCC_WARN_UNUSED_VARIABLE = YES;
				IPHONEOS_DEPLOYMENT_TARGET = 8.1;
				MTL_ENABLE_DEBUG_INFO = YES;
				ONLY_ACTIVE_ARCH = YES;
				SDKROOT = iphoneos;
				SWIFT_OPTIMIZATION_LEVEL = "-Onone";
				TARGETED_DEVICE_FAMILY = "1,2";
			};
			name = Debug;
		};
		4B022BB31A56F2780073DE33 /* Release */ = {
			isa = XCBuildConfiguration;
			buildSettings = {
				ALWAYS_SEARCH_USER_PATHS = NO;
				CLANG_CXX_LANGUAGE_STANDARD = "gnu++0x";
				CLANG_CXX_LIBRARY = "libc++";
				CLANG_ENABLE_MODULES = YES;
				CLANG_ENABLE_OBJC_ARC = YES;
				CLANG_WARN_BOOL_CONVERSION = YES;
				CLANG_WARN_CONSTANT_CONVERSION = YES;
				CLANG_WARN_DIRECT_OBJC_ISA_USAGE = YES_ERROR;
				CLANG_WARN_EMPTY_BODY = YES;
				CLANG_WARN_ENUM_CONVERSION = YES;
				CLANG_WARN_INT_CONVERSION = YES;
				CLANG_WARN_OBJC_ROOT_CLASS = YES_ERROR;
				CLANG_WARN_UNREACHABLE_CODE = YES;
				CLANG_WARN__DUPLICATE_METHOD_MATCH = YES;
				"CODE_SIGN_IDENTITY[sdk=iphoneos*]" = "iPhone Developer";
				COPY_PHASE_STRIP = YES;
				ENABLE_NS_ASSERTIONS = NO;
				ENABLE_STRICT_OBJC_MSGSEND = YES;
				GCC_C_LANGUAGE_STANDARD = gnu99;
				GCC_WARN_64_TO_32_BIT_CONVERSION = YES;
				GCC_WARN_ABOUT_RETURN_TYPE = YES_ERROR;
				GCC_WARN_UNDECLARED_SELECTOR = YES;
				GCC_WARN_UNINITIALIZED_AUTOS = YES_AGGRESSIVE;
				GCC_WARN_UNUSED_FUNCTION = YES;
				GCC_WARN_UNUSED_VARIABLE = YES;
				IPHONEOS_DEPLOYMENT_TARGET = 8.1;
				MTL_ENABLE_DEBUG_INFO = NO;
				SDKROOT = iphoneos;
				TARGETED_DEVICE_FAMILY = "1,2";
				VALIDATE_PRODUCT = YES;
			};
			name = Release;
		};
		4B022BB51A56F2780073DE33 /* Debug */ = {
			isa = XCBuildConfiguration;
			buildSettings = {
				ASSETCATALOG_COMPILER_APPICON_NAME = AppIcon;
				INFOPLIST_FILE = UnitTestViewControllerWithSwiftMiniTutorial/Info.plist;
				LD_RUNPATH_SEARCH_PATHS = "$(inherited) @executable_path/Frameworks";
				PRODUCT_NAME = "$(TARGET_NAME)";
			};
			name = Debug;
		};
		4B022BB61A56F2780073DE33 /* Release */ = {
			isa = XCBuildConfiguration;
			buildSettings = {
				ASSETCATALOG_COMPILER_APPICON_NAME = AppIcon;
				INFOPLIST_FILE = UnitTestViewControllerWithSwiftMiniTutorial/Info.plist;
				LD_RUNPATH_SEARCH_PATHS = "$(inherited) @executable_path/Frameworks";
				PRODUCT_NAME = "$(TARGET_NAME)";
			};
			name = Release;
		};
		4B022BB81A56F2780073DE33 /* Debug */ = {
			isa = XCBuildConfiguration;
			buildSettings = {
				BUNDLE_LOADER = "$(TEST_HOST)";
				FRAMEWORK_SEARCH_PATHS = (
					"$(SDKROOT)/Developer/Library/Frameworks",
					"$(inherited)",
				);
				GCC_PREPROCESSOR_DEFINITIONS = (
					"DEBUG=1",
					"$(inherited)",
				);
				INFOPLIST_FILE = UnitTestViewControllerWithSwiftMiniTutorialTests/Info.plist;
				LD_RUNPATH_SEARCH_PATHS = "$(inherited) @executable_path/Frameworks @loader_path/Frameworks";
				PRODUCT_NAME = "$(TARGET_NAME)";
				TEST_HOST = "$(BUILT_PRODUCTS_DIR)/UnitTestViewControllerWithSwiftMiniTutorial.app/UnitTestViewControllerWithSwiftMiniTutorial";
			};
			name = Debug;
		};
		4B022BB91A56F2780073DE33 /* Release */ = {
			isa = XCBuildConfiguration;
			buildSettings = {
				BUNDLE_LOADER = "$(TEST_HOST)";
				FRAMEWORK_SEARCH_PATHS = (
					"$(SDKROOT)/Developer/Library/Frameworks",
					"$(inherited)",
				);
				INFOPLIST_FILE = UnitTestViewControllerWithSwiftMiniTutorialTests/Info.plist;
				LD_RUNPATH_SEARCH_PATHS = "$(inherited) @executable_path/Frameworks @loader_path/Frameworks";
				PRODUCT_NAME = "$(TARGET_NAME)";
				TEST_HOST = "$(BUILT_PRODUCTS_DIR)/UnitTestViewControllerWithSwiftMiniTutorial.app/UnitTestViewControllerWithSwiftMiniTutorial";
			};
			name = Release;
		};
/* End XCBuildConfiguration section */

/* Begin XCConfigurationList section */
		4B022B901A56F2770073DE33 /* Build configuration list for PBXProject "UnitTestViewControllerWithSwiftMiniTutorial" */ = {
			isa = XCConfigurationList;
			buildConfigurations = (
				4B022BB21A56F2780073DE33 /* Debug */,
				4B022BB31A56F2780073DE33 /* Release */,
			);
			defaultConfigurationIsVisible = 0;
			defaultConfigurationName = Release;
		};
		4B022BB41A56F2780073DE33 /* Build configuration list for PBXNativeTarget "UnitTestViewControllerWithSwiftMiniTutorial" */ = {
			isa = XCConfigurationList;
			buildConfigurations = (
				4B022BB51A56F2780073DE33 /* Debug */,
				4B022BB61A56F2780073DE33 /* Release */,
			);
			defaultConfigurationIsVisible = 0;
		};
		4B022BB71A56F2780073DE33 /* Build configuration list for PBXNativeTarget "UnitTestViewControllerWithSwiftMiniTutorialTests" */ = {
			isa = XCConfigurationList;
			buildConfigurations = (
				4B022BB81A56F2780073DE33 /* Debug */,
				4B022BB91A56F2780073DE33 /* Release */,
			);
			defaultConfigurationIsVisible = 0;
		};
/* End XCConfigurationList section */
	};
	rootObject = 4B022B8D1A56F2770073DE33 /* Project object */;
}
